# THIS IS AN AUTOGENERATED FILE. DO NOT EDIT THIS FILE DIRECTLY.
# yarn lockfile v1


"@types/highlight.js@^9.7.0":
  version "9.12.4"
  resolved "https://registry.yarnpkg.com/@types/highlight.js/-/highlight.js-9.12.4.tgz#8c3496bd1b50cc04aeefd691140aa571d4dbfa34"
  integrity sha512-t2szdkwmg2JJyuCM20e8kR2X59WCE5Zkl4bzm1u1Oukjm79zpbiAv+QjnwLnuuV0WHEcX2NgUItu0pAMKuOPww==

"@types/linkify-it@*":
  version "3.0.0"
  resolved "https://registry.yarnpkg.com/@types/linkify-it/-/linkify-it-3.0.0.tgz#c0ca4c253664492dbf47a646f31cfd483a6bbc95"
  integrity sha512-x9OaQQTb1N2hPZ/LWJsqushexDvz7NgzuZxiRmZio44WPuolTZNHDBCrOxCzRVOMwamJRO2dWax5NbygOf1OTQ==

"@types/markdown-it@^12.0.1":
  version "12.0.1"
  resolved "https://registry.yarnpkg.com/@types/markdown-it/-/markdown-it-12.0.1.tgz#8391e19fea4796ff863edda55800c7e669beb358"
  integrity sha512-mHfT8j/XkPb1uLEfs0/C3se6nd+webC2kcqcy8tgcVr0GDEONv/xaQzAN+aQvkxQXk/jC0Q6mPS+0xhFwRF35g==
  dependencies:
    "@types/highlight.js" "^9.7.0"
    "@types/linkify-it" "*"
    "@types/mdurl" "*"

"@types/mdurl@*":
  version "1.0.2"
  resolved "https://registry.yarnpkg.com/@types/mdurl/-/mdurl-1.0.2.tgz#e2ce9d83a613bacf284c7be7d491945e39e1f8e9"
  integrity sha512-eC4U9MlIcu2q0KQmXszyn5Akca/0jrQmwDRgpAMJai7qBWq4amIQhZyNau4VYGtCeALvW1/NtjzJJ567aZxfKA==

"@types/node@^14.14.31":
  version "14.14.31"
  resolved "https://registry.yarnpkg.com/@types/node/-/node-14.14.31.tgz#72286bd33d137aa0d152d47ec7c1762563d34055"
  integrity sha512-vFHy/ezP5qI0rFgJ7aQnjDXwAMrG0KqqIH7tQG5PPv3BWBayOPIQNBjVc/P6hhdZfMx51REc6tfDNXHUio893g==

argparse@^2.0.1:
  version "2.0.1"
  resolved "https://registry.yarnpkg.com/argparse/-/argparse-2.0.1.tgz#246f50f3ca78a3240f6c997e8a9bd1eac49e4b38"
  integrity sha512-8+9WqebbFzpX9OR+Wa6O29asIogeRMzcGtAINdpMHHyAg10f05aSFVBbcEqGf/PXw1EjAZ+q2/bEBg3DvurK3Q==

biblatex-csl-converter-ts@^1.0.3:
  version "1.0.3"
  resolved "https://registry.yarnpkg.com/biblatex-csl-converter-ts/-/biblatex-csl-converter-ts-1.0.3.tgz#fc457ca4784a9fada71e5cb9bd7514b79f4d8449"
  integrity sha512-pbnUrLQphD8FrREsxR3WPTcEG+JyXKd5QUrhx2vubE6pc/naGZmx3OMMNZ7Jt4urspZfD6esFZhpq7zAL6Xadw==

citeproc@^2.4.59:
  version "2.4.59"
  resolved "https://registry.yarnpkg.com/citeproc/-/citeproc-2.4.59.tgz#36e1fab8cba4c7f2f88d3f009094b06d4bf08879"
  integrity sha512-BoOk7hu2ORheW2TT//Xj6AFnyP9CuVuQ6THBYTRXO3wEYTMviPbcyXFiZ/tPg5bijvvvVa4gPJRVnipQ0y2aKw==

entities@~2.1.0:
  version "2.1.0"
  resolved "https://registry.yarnpkg.com/entities/-/entities-2.1.0.tgz#992d3129cf7df6870b96c57858c249a120f8b8b5"
  integrity sha512-hCx1oky9PFrJ611mf0ifBLBRW8lUUVRlFolb5gWRfIELabBlbp9xZvrqZLZAs+NxFnbfQoeGd8wDkygjg7U85w==

linkify-it@^3.0.1:
  version "3.0.2"
  resolved "https://registry.yarnpkg.com/linkify-it/-/linkify-it-3.0.2.tgz#f55eeb8bc1d3ae754049e124ab3bb56d97797fb8"
  integrity sha512-gDBO4aHNZS6coiZCKVhSNh43F9ioIL4JwRjLZPkoLIY4yZFwg264Y5lu2x6rb1Js42Gh6Yqm2f6L2AJcnkzinQ==
  dependencies:
    uc.micro "^1.0.1"

locale-de-de@^0.0.2:
  version "0.0.2"
  resolved "https://registry.yarnpkg.com/locale-de-de/-/locale-de-de-0.0.2.tgz#e85dffdc1e07991f8422db2173742ca0c1422f74"
  integrity sha512-foCqbDgfcvdLqKX4hxFfPb6m9KXuvzOdMQT1vjCzwIK4BjqLC7d6TeWxHMaIF5B9tHxKrEb0POI49sJGFNjxHA==

locale-en-gb@^0.0.2:
  version "0.0.2"
  resolved "https://registry.yarnpkg.com/locale-en-gb/-/locale-en-gb-0.0.2.tgz#d1879f0349e14c482e9dc34842b16fc7ebee7fc0"
  integrity sha512-Z/9xQDlDoMhaIEPMQz9VoB8zbKlI6CgO9ScVl3urJeKJI6qViZNGpS7h/ycBGC0AJcrE3I4J72XmiSgVCyK0kA==

locale-en-us@^0.0.2:
  version "0.0.2"
  resolved "https://registry.yarnpkg.com/locale-en-us/-/locale-en-us-0.0.2.tgz#11eb4ad8f2b33430ee24a74c4d206377f827aedb"
  integrity sha512-I02W/LK36C1IDloiFY4ZvK7kIs4C92vCHVEI01rIrJPzzlqcn1NnUxn5d1oiq0pe6JwuzpWwSCYnV0o1WAQP9g==

locale-es-es@^0.0.2:
  version "0.0.2"
  resolved "https://registry.yarnpkg.com/locale-es-es/-/locale-es-es-0.0.2.tgz#efe6725503ed4ae74831f8d851d9938d4070dfc9"
  integrity sha512-Hw0DO46yuMJlGbgzjyiu6Q8OEaSQ+DBWNvhCX7apGC8NJwzY7pNoFUDDm3DtxAZ9W2F/33548/+C7BTOfeF7Eg==

locale-fr-fr@^0.0.2:
  version "0.0.2"
  resolved "https://registry.yarnpkg.com/locale-fr-fr/-/locale-fr-fr-0.0.2.tgz#e5544a638d3288844823f732d98667e2746e0a89"
  integrity sha512-KS9t0SrAmy2+T74zKNQUsj5Bn1EyLl+/2aIxnD/FCvQrVlADnuuwMvLQRx0W7uU4hmEtRhpsfKTA40mHPbvVXg==

markdown-it@^12.0.4:
  version "12.0.4"
  resolved "https://registry.yarnpkg.com/markdown-it/-/markdown-it-12.0.4.tgz#eec8247d296327eac3ba9746bdeec9cfcc751e33"
  integrity sha512-34RwOXZT8kyuOJy25oJNJoulO8L0bTHYWXcdZBYZqFnjIy3NgjeoM3FmPXIOFQ26/lSHYMr8oc62B6adxXcb3Q==
  dependencies:
    argparse "^2.0.1"
    entities "~2.1.0"
    linkify-it "^3.0.1"
    mdurl "^1.0.1"
    uc.micro "^1.0.5"

mdurl@^1.0.1:
  version "1.0.1"
  resolved "https://registry.yarnpkg.com/mdurl/-/mdurl-1.0.1.tgz#fe85b2ec75a59037f2adfec100fd6c601761152e"
  integrity sha1-/oWy7HWlkDfyrf7BAP1sYBdhFS4=

style-apa@^0.0.2:
  version "0.0.2"
  resolved "https://registry.yarnpkg.com/style-apa/-/style-apa-0.0.2.tgz#0c4879fa878f5e7473f99a220512d700c3de53eb"
  integrity sha512-DSgE7KPxV0Z3o5j4mAOGWp+Dpl9KhPUS5+704lEsVCI0G/LjbnvoINJUWn2llrYR95PH9Dkw0M9fiTt/BwEAoA==

style-chicago@^0.0.2:
  version "0.0.2"
  resolved "https://registry.yarnpkg.com/style-chicago/-/style-chicago-0.0.2.tgz#7ff3034a27d49b1cc5113bb157438401fd0eac94"
  integrity sha512-xQyPhA3eLMmpV2BQ9+OwxYy6RgUIrxbXFxH6Demd8QlBQpXvj5rkZNn3YpEMyvoAinghFjZOGGuaBDCYiZxFxQ==

style-mla@^0.0.2:
  version "0.0.2"
  resolved "https://registry.yarnpkg.com/style-mla/-/style-mla-0.0.2.tgz#94788c5d8f3bc20b0b49a77243b35a7fbbe0677b"
  integrity sha512-uxe00Gcv8W5Rgie8QStLnMlZh4o821UwWclr+SfgMNCRRVF8ncB9wvqU093FcS2QR02V8/YNE0P2ySJ2GFIFSw==

style-vancouver@^0.0.2:
  version "0.0.2"
  resolved "https://registry.yarnpkg.com/style-vancouver/-/style-vancouver-0.0.2.tgz#fede0c9aa81f6bcb00f8ecc4427e8e94a763cc08"
  integrity sha512-6DYqSJSRPdPYPZB64LAKjhX6IBpbI8G2QJg0qsgGE6vLMvWG/8tTpuzdIsZPDMPBMnF2jt/1WBqbDZR4VaA2KQ==

typescript@^4.2.2:
  version "4.2.2"
  resolved "https://registry.yarnpkg.com/typescript/-/typescript-4.2.2.tgz#1450f020618f872db0ea17317d16d8da8ddb8c4c"
  integrity sha512-tbb+NVrLfnsJy3M59lsDgrzWIflR4d4TIUjz+heUnHZwdF7YsrMTKoRERiIvI2lvBG95dfpLxB21WZhys1bgaQ==

uc.micro@^1.0.1, uc.micro@^1.0.5:
  version "1.0.6"
  resolved "https://registry.yarnpkg.com/uc.micro/-/uc.micro-1.0.6.tgz#9c411a802a409a91fc6cf74081baba34b24499ac"
  integrity sha512-8Y75pvTYkLJW2hWQHXxoqRgV7qb9B+9vFEtidML+7koHUFapnVJAZ6cKs+Qjz5Aw3aZWHMC6u0wJE3At+nSGwA==
